// !$*UTF8*$!
{
	archiveVersion = 1;
	classes = {
	};
	objectVersion = 50;
	objects = {

/* Begin PBXBuildFile section */
		22FE6E352086DD32002D811F /* AppDelegate.swift in Sources */ = {isa = PBXBuildFile; fileRef = 22FE6E342086DD32002D811F /* AppDelegate.swift */; };
		22FE6E372086DD32002D811F /* ViewController.swift in Sources */ = {isa = PBXBuildFile; fileRef = 22FE6E362086DD32002D811F /* ViewController.swift */; };
		22FE6E3A2086DD32002D811F /* Main.storyboard in Resources */ = {isa = PBXBuildFile; fileRef = 22FE6E382086DD32002D811F /* Main.storyboard */; };
		22FE6E3D2086DD32002D811F /* Stefanini_desafio_app.xcdatamodeld in Sources */ = {isa = PBXBuildFile; fileRef = 22FE6E3B2086DD32002D811F /* Stefanini_desafio_app.xcdatamodeld */; };
		22FE6E3F2086DD34002D811F /* Assets.xcassets in Resources */ = {isa = PBXBuildFile; fileRef = 22FE6E3E2086DD34002D811F /* Assets.xcassets */; };
		22FE6E422086DD34002D811F /* LaunchScreen.storyboard in Resources */ = {isa = PBXBuildFile; fileRef = 22FE6E402086DD34002D811F /* LaunchScreen.storyboard */; };
		22FE6E4D2086DD35002D811F /* Stefanini_desafio_appTests.swift in Sources */ = {isa = PBXBuildFile; fileRef = 22FE6E4C2086DD35002D811F /* Stefanini_desafio_appTests.swift */; };
		22FE6E582086DD35002D811F /* Stefanini_desafio_appUITests.swift in Sources */ = {isa = PBXBuildFile; fileRef = 22FE6E572086DD35002D811F /* Stefanini_desafio_appUITests.swift */; };
/* End PBXBuildFile section */

/* Begin PBXContainerItemProxy section */
		22FE6E492086DD35002D811F /* PBXContainerItemProxy */ = {
			isa = PBXContainerItemProxy;
			containerPortal = 22FE6E292086DD32002D811F /* Project object */;
			proxyType = 1;
			remoteGlobalIDString = 22FE6E302086DD32002D811F;
			remoteInfo = "Stefanini-desafio-app";
		};
		22FE6E542086DD35002D811F /* PBXContainerItemProxy */ = {
			isa = PBXContainerItemProxy;
			containerPortal = 22FE6E292086DD32002D811F /* Project object */;
			proxyType = 1;
			remoteGlobalIDString = 22FE6E302086DD32002D811F;
			remoteInfo = "Stefanini-desafio-app";
		};
/* End PBXContainerItemProxy section */

/* Begin PBXFileReference section */
		22FE6E312086DD32002D811F /* Stefanini-desafio-app.app */ = {isa = PBXFileReference; explicitFileType = wrapper.application; includeInIndex = 0; path = "Stefanini-desafio-app.app"; sourceTree = BUILT_PRODUCTS_DIR; };
		22FE6E342086DD32002D811F /* AppDelegate.swift */ = {isa = PBXFileReference; lastKnownFileType = sourcecode.swift; path = AppDelegate.swift; sourceTree = "<group>"; };
		22FE6E362086DD32002D811F /* ViewController.swift */ = {isa = PBXFileReference; lastKnownFileType = sourcecode.swift; path = ViewController.swift; sourceTree = "<group>"; };
		22FE6E392086DD32002D811F /* Base */ = {isa = PBXFileReference; lastKnownFileType = file.storyboard; name = Base; path = Base.lproj/Main.storyboard; sourceTree = "<group>"; };
		22FE6E3C2086DD32002D811F /* Stefanini_desafio_app.xcdatamodel */ = {isa = PBXFileReference; lastKnownFileType = wrapper.xcdatamodel; path = Stefanini_desafio_app.xcdatamodel; sourceTree = "<group>"; };
		22FE6E3E2086DD34002D811F /* Assets.xcassets */ = {isa = PBXFileReference; lastKnownFileType = folder.assetcatalog; path = Assets.xcassets; sourceTree = "<group>"; };
		22FE6E412086DD34002D811F /* Base */ = {isa = PBXFileReference; lastKnownFileType = file.storyboard; name = Base; path = Base.lproj/LaunchScreen.storyboard; sourceTree = "<group>"; };
		22FE6E432086DD34002D811F /* Info.plist */ = {isa = PBXFileReference; lastKnownFileType = text.plist.xml; path = Info.plist; sourceTree = "<group>"; };
		22FE6E482086DD35002D811F /* Stefanini-desafio-appTests.xctest */ = {isa = PBXFileReference; explicitFileType = wrapper.cfbundle; includeInIndex = 0; path = "Stefanini-desafio-appTests.xctest"; sourceTree = BUILT_PRODUCTS_DIR; };
		22FE6E4C2086DD35002D811F /* Stefanini_desafio_appTests.swift */ = {isa = PBXFileReference; lastKnownFileType = sourcecode.swift; path = Stefanini_desafio_appTests.swift; sourceTree = "<group>"; };
		22FE6E4E2086DD35002D811F /* Info.plist */ = {isa = PBXFileReference; lastKnownFileType = text.plist.xml; path = Info.plist; sourceTree = "<group>"; };
		22FE6E532086DD35002D811F /* Stefanini-desafio-appUITests.xctest */ = {isa = PBXFileReference; explicitFileType = wrapper.cfbundle; includeInIndex = 0; path = "Stefanini-desafio-appUITests.xctest"; sourceTree = BUILT_PRODUCTS_DIR; };
		22FE6E572086DD35002D811F /* Stefanini_desafio_appUITests.swift */ = {isa = PBXFileReference; lastKnownFileType = sourcecode.swift; path = Stefanini_desafio_appUITests.swift; sourceTree = "<group>"; };
		22FE6E592086DD35002D811F /* Info.plist */ = {isa = PBXFileReference; lastKnownFileType = text.plist.xml; path = Info.plist; sourceTree = "<group>"; };
/* End PBXFileReference section */

/* Begin PBXFrameworksBuildPhase section */
		22FE6E2E2086DD32002D811F /* Frameworks */ = {
			isa = PBXFrameworksBuildPhase;
			buildActionMask = 2147483647;
			files = (
			);
			runOnlyForDeploymentPostprocessing = 0;
		};
		22FE6E452086DD35002D811F /* Frameworks */ = {
			isa = PBXFrameworksBuildPhase;
			buildActionMask = 2147483647;
			files = (
			);
			runOnlyForDeploymentPostprocessing = 0;
		};
		22FE6E502086DD35002D811F /* Frameworks */ = {
			isa = PBXFrameworksBuildPhase;
			buildActionMask = 2147483647;
			files = (
			);
			runOnlyForDeploymentPostprocessing = 0;
		};
/* End PBXFrameworksBuildPhase section */

/* Begin PBXGroup section */
		22FE6E282086DD32002D811F = {
			isa = PBXGroup;
			children = (
				22FE6E332086DD32002D811F /* Stefanini-desafio-app */,
				22FE6E4B2086DD35002D811F /* Stefanini-desafio-appTests */,
				22FE6E562086DD35002D811F /* Stefanini-desafio-appUITests */,
				22FE6E322086DD32002D811F /* Products */,
			);
			sourceTree = "<group>";
		};
		22FE6E322086DD32002D811F /* Products */ = {
			isa = PBXGroup;
			children = (
				22FE6E312086DD32002D811F /* Stefanini-desafio-app.app */,
				22FE6E482086DD35002D811F /* Stefanini-desafio-appTests.xctest */,
				22FE6E532086DD35002D811F /* Stefanini-desafio-appUITests.xctest */,
			);
			name = Products;
			sourceTree = "<group>";
		};
		22FE6E332086DD32002D811F /* Stefanini-desafio-app */ = {
			isa = PBXGroup;
			children = (
				22FE6E342086DD32002D811F /* AppDelegate.swift */,
				22FE6E362086DD32002D811F /* ViewController.swift */,
				22FE6E382086DD32002D811F /* Main.storyboard */,
				22FE6E3E2086DD34002D811F /* Assets.xcassets */,
				22FE6E402086DD34002D811F /* LaunchScreen.storyboard */,
				22FE6E432086DD34002D811F /* Info.plist */,
				22FE6E3B2086DD32002D811F /* Stefanini_desafio_app.xcdatamodeld */,
			);
			path = "Stefanini-desafio-app";
			sourceTree = "<group>";
		};
		22FE6E4B2086DD35002D811F /* Stefanini-desafio-appTests */ = {
			isa = PBXGroup;
			children = (
				22FE6E4C2086DD35002D811F /* Stefanini_desafio_appTests.swift */,
				22FE6E4E2086DD35002D811F /* Info.plist */,
			);
			path = "Stefanini-desafio-appTests";
			sourceTree = "<group>";
		};
		22FE6E562086DD35002D811F /* Stefanini-desafio-appUITests */ = {
			isa = PBXGroup;
			children = (
				22FE6E572086DD35002D811F /* Stefanini_desafio_appUITests.swift */,
				22FE6E592086DD35002D811F /* Info.plist */,
			);
			path = "Stefanini-desafio-appUITests";
			sourceTree = "<group>";
		};
/* End PBXGroup section */

/* Begin PBXNativeTarget section */
		22FE6E302086DD32002D811F /* Stefanini-desafio-app */ = {
			isa = PBXNativeTarget;
			buildConfigurationList = 22FE6E5C2086DD35002D811F /* Build configuration list for PBXNativeTarget "Stefanini-desafio-app" */;
			buildPhases = (
				22FE6E2D2086DD32002D811F /* Sources */,
				22FE6E2E2086DD32002D811F /* Frameworks */,
				22FE6E2F2086DD32002D811F /* Resources */,
			);
			buildRules = (
			);
			dependencies = (
			);
			name = "Stefanini-desafio-app";
			productName = "Stefanini-desafio-app";
			productReference = 22FE6E312086DD32002D811F /* Stefanini-desafio-app.app */;
			productType = "com.apple.product-type.application";
		};
		22FE6E472086DD35002D811F /* Stefanini-desafio-appTests */ = {
			isa = PBXNativeTarget;
			buildConfigurationList = 22FE6E5F2086DD35002D811F /* Build configuration list for PBXNativeTarget "Stefanini-desafio-appTests" */;
			buildPhases = (
				22FE6E442086DD35002D811F /* Sources */,
				22FE6E452086DD35002D811F /* Frameworks */,
				22FE6E462086DD35002D811F /* Resources */,
			);
			buildRules = (
			);
			dependencies = (
				22FE6E4A2086DD35002D811F /* PBXTargetDependency */,
			);
			name = "Stefanini-desafio-appTests";
			productName = "Stefanini-desafio-appTests";
			productReference = 22FE6E482086DD35002D811F /* Stefanini-desafio-appTests.xctest */;
			productType = "com.apple.product-type.bundle.unit-test";
		};
		22FE6E522086DD35002D811F /* Stefanini-desafio-appUITests */ = {
			isa = PBXNativeTarget;
			buildConfigurationList = 22FE6E622086DD35002D811F /* Build configuration list for PBXNativeTarget "Stefanini-desafio-appUITests" */;
			buildPhases = (
				22FE6E4F2086DD35002D811F /* Sources */,
				22FE6E502086DD35002D811F /* Frameworks */,
				22FE6E512086DD35002D811F /* Resources */,
			);
			buildRules = (
			);
			dependencies = (
				22FE6E552086DD35002D811F /* PBXTargetDependency */,
			);
			name = "Stefanini-desafio-appUITests";
			productName = "Stefanini-desafio-appUITests";
			productReference = 22FE6E532086DD35002D811F /* Stefanini-desafio-appUITests.xctest */;
			productType = "com.apple.product-type.bundle.ui-testing";
		};
/* End PBXNativeTarget section */

/* Begin PBXProject section */
		22FE6E292086DD32002D811F /* Project object */ = {
			isa = PBXProject;
			attributes = {
				LastSwiftUpdateCheck = 0930;
				LastUpgradeCheck = 0930;
				ORGANIZATIONNAME = gabrielcarvalho;
				TargetAttributes = {
					22FE6E302086DD32002D811F = {
						CreatedOnToolsVersion = 9.3;
					};
					22FE6E472086DD35002D811F = {
						CreatedOnToolsVersion = 9.3;
						TestTargetID = 22FE6E302086DD32002D811F;
					};
					22FE6E522086DD35002D811F = {
						CreatedOnToolsVersion = 9.3;
						TestTargetID = 22FE6E302086DD32002D811F;
					};
				};
			};
			buildConfigurationList = 22FE6E2C2086DD32002D811F /* Build configuration list for PBXProject "Stefanini-desafio-app" */;
			compatibilityVersion = "Xcode 9.3";
			developmentRegion = en;
			hasScannedForEncodings = 0;
			knownRegions = (
				en,
				Base,
			);
			mainGroup = 22FE6E282086DD32002D811F;
			productRefGroup = 22FE6E322086DD32002D811F /* Products */;
			projectDirPath = "";
			projectRoot = "";
			targets = (
				22FE6E302086DD32002D811F /* Stefanini-desafio-app */,
				22FE6E472086DD35002D811F /* Stefanini-desafio-appTests */,
				22FE6E522086DD35002D811F /* Stefanini-desafio-appUITests */,
			);
		};
/* End PBXProject section */

/* Begin PBXResourcesBuildPhase section */
		22FE6E2F2086DD32002D811F /* Resources */ = {
			isa = PBXResourcesBuildPhase;
			buildActionMask = 2147483647;
			files = (
				22FE6E422086DD34002D811F /* LaunchScreen.storyboard in Resources */,
				22FE6E3F2086DD34002D811F /* Assets.xcassets in Resources */,
				22FE6E3A2086DD32002D811F /* Main.storyboard in Resources */,
			);
			runOnlyForDeploymentPostprocessing = 0;
		};
		22FE6E462086DD35002D811F /* Resources */ = {
			isa = PBXResourcesBuildPhase;
			buildActionMask = 2147483647;
			files = (
			);
			runOnlyForDeploymentPostprocessing = 0;
		};
		22FE6E512086DD35002D811F /* Resources */ = {
			isa = PBXResourcesBuildPhase;
			buildActionMask = 2147483647;
			files = (
			);
			runOnlyForDeploymentPostprocessing = 0;
		};
/* End PBXResourcesBuildPhase section */

/* Begin PBXSourcesBuildPhase section */
		22FE6E2D2086DD32002D811F /* Sources */ = {
			isa = PBXSourcesBuildPhase;
			buildActionMask = 2147483647;
			files = (
				22FE6E3D2086DD32002D811F /* Stefanini_desafio_app.xcdatamodeld in Sources */,
				22FE6E372086DD32002D811F /* ViewController.swift in Sources */,
				22FE6E352086DD32002D811F /* AppDelegate.swift in Sources */,
			);
			runOnlyForDeploymentPostprocessing = 0;
		};
		22FE6E442086DD35002D811F /* Sources */ = {
			isa = PBXSourcesBuildPhase;
			buildActionMask = 2147483647;
			files = (
				22FE6E4D2086DD35002D811F /* Stefanini_desafio_appTests.swift in Sources */,
			);
			runOnlyForDeploymentPostprocessing = 0;
		};
		22FE6E4F2086DD35002D811F /* Sources */ = {
			isa = PBXSourcesBuildPhase;
			buildActionMask = 2147483647;
			files = (
				22FE6E582086DD35002D811F /* Stefanini_desafio_appUITests.swift in Sources */,
			);
			runOnlyForDeploymentPostprocessing = 0;
		};
/* End PBXSourcesBuildPhase section */

/* Begin PBXTargetDependency section */
		22FE6E4A2086DD35002D811F /* PBXTargetDependency */ = {
			isa = PBXTargetDependency;
			target = 22FE6E302086DD32002D811F /* Stefanini-desafio-app */;
			targetProxy = 22FE6E492086DD35002D811F /* PBXContainerItemProxy */;
		};
		22FE6E552086DD35002D811F /* PBXTargetDependency */ = {
			isa = PBXTargetDependency;
			target = 22FE6E302086DD32002D811F /* Stefanini-desafio-app */;
			targetProxy = 22FE6E542086DD35002D811F /* PBXContainerItemProxy */;
		};
/* End PBXTargetDependency section */

/* Begin PBXVariantGroup section */
		22FE6E382086DD32002D811F /* Main.storyboard */ = {
			isa = PBXVariantGroup;
			children = (
				22FE6E392086DD32002D811F /* Base */,
			);
			name = Main.storyboard;
			sourceTree = "<group>";
		};
		22FE6E402086DD34002D811F /* LaunchScreen.storyboard */ = {
			isa = PBXVariantGroup;
			children = (
				22FE6E412086DD34002D811F /* Base */,
			);
			name = LaunchScreen.storyboard;
			sourceTree = "<group>";
		};
/* End PBXVariantGroup section */

/* Begin XCBuildConfiguration section */
		22FE6E5A2086DD35002D811F /* Debug */ = {
			isa = XCBuildConfiguration;
			buildSettings = {
				ALWAYS_SEARCH_USER_PATHS = NO;
				CLANG_ANALYZER_NONNULL = YES;
				CLANG_ANALYZER_NUMBER_OBJECT_CONVERSION = YES_AGGRESSIVE;
				CLANG_CXX_LANGUAGE_STANDARD = "gnu++14";
				CLANG_CXX_LIBRARY = "libc++";
				CLANG_ENABLE_MODULES = YES;
				CLANG_ENABLE_OBJC_ARC = YES;
				CLANG_ENABLE_OBJC_WEAK = YES;
				CLANG_WARN_BLOCK_CAPTURE_AUTORELEASING = YES;
				CLANG_WARN_BOOL_CONVERSION = YES;
				CLANG_WARN_COMMA = YES;
				CLANG_WARN_CONSTANT_CONVERSION = YES;
				CLANG_WARN_DEPRECATED_OBJC_IMPLEMENTATIONS = YES;
				CLANG_WARN_DIRECT_OBJC_ISA_USAGE = YES_ERROR;
				CLANG_WARN_DOCUMENTATION_COMMENTS = YES;
				CLANG_WARN_EMPTY_BODY = YES;
				CLANG_WARN_ENUM_CONVERSION = YES;
				CLANG_WARN_INFINITE_RECURSION = YES;
				CLANG_WARN_INT_CONVERSION = YES;
				CLANG_WARN_NON_LITERAL_NULL_CONVERSION = YES;
				CLANG_WARN_OBJC_IMPLICIT_RETAIN_SELF = YES;
				CLANG_WARN_OBJC_LITERAL_CONVERSION = YES;
				CLANG_WARN_OBJC_ROOT_CLASS = YES_ERROR;
				CLANG_WARN_RANGE_LOOP_ANALYSIS = YES;
				CLANG_WARN_STRICT_PROTOTYPES = YES;
				CLANG_WARN_SUSPICIOUS_MOVE = YES;
				CLANG_WARN_UNGUARDED_AVAILABILITY = YES_AGGRESSIVE;
				CLANG_WARN_UNREACHABLE_CODE = YES;
				CLANG_WARN__DUPLICATE_METHOD_MATCH = YES;
				CODE_SIGN_IDENTITY = "iPhone Developer";
				COPY_PHASE_STRIP = NO;
				DEBUG_INFORMATION_FORMAT = dwarf;
				ENABLE_STRICT_OBJC_MSGSEND = YES;
				ENABLE_TESTABILITY = YES;
				GCC_C_LANGUAGE_STANDARD = gnu11;
				GCC_DYNAMIC_NO_PIC = NO;
				GCC_NO_COMMON_BLOCKS = YES;
				GCC_OPTIMIZATION_LEVEL = 0;
				GCC_PREPROCESSOR_DEFINITIONS = (
					"DEBUG=1",
					"$(inherited)",
				);
				GCC_WARN_64_TO_32_BIT_CONVERSION = YES;
				GCC_WARN_ABOUT_RETURN_TYPE = YES_ERROR;
				GCC_WARN_UNDECLARED_SELECTOR = YES;
				GCC_WARN_UNINITIALIZED_AUTOS = YES_AGGRESSIVE;
				GCC_WARN_UNUSED_FUNCTION = YES;
				GCC_WARN_UNUSED_VARIABLE = YES;
				IPHONEOS_DEPLOYMENT_TARGET = 11.3;
				MTL_ENABLE_DEBUG_INFO = YES;
				ONLY_ACTIVE_ARCH = YES;
				SDKROOT = iphoneos;
				SWIFT_ACTIVE_COMPILATION_CONDITIONS = DEBUG;
				SWIFT_OPTIMIZATION_LEVEL = "-Onone";
			};
			name = Debug;
		};
		22FE6E5B2086DD35002D811F /* Release */ = {
			isa = XCBuildConfiguration;
			buildSettings = {
				ALWAYS_SEARCH_USER_PATHS = NO;
				CLANG_ANALYZER_NONNULL = YES;
				CLANG_ANALYZER_NUMBER_OBJECT_CONVERSION = YES_AGGRESSIVE;
				CLANG_CXX_LANGUAGE_STANDARD = "gnu++14";
				CLANG_CXX_LIBRARY = "libc++";
				CLANG_ENABLE_MODULES = YES;
				CLANG_ENABLE_OBJC_ARC = YES;
				CLANG_ENABLE_OBJC_WEAK = YES;
				CLANG_WARN_BLOCK_CAPTURE_AUTORELEASING = YES;
				CLANG_WARN_BOOL_CONVERSION = YES;
				CLANG_WARN_COMMA = YES;
				CLANG_WARN_CONSTANT_CONVERSION = YES;
				CLANG_WARN_DEPRECATED_OBJC_IMPLEMENTATIONS = YES;
				CLANG_WARN_DIRECT_OBJC_ISA_USAGE = YES_ERROR;
				CLANG_WARN_DOCUMENTATION_COMMENTS = YES;
				CLANG_WARN_EMPTY_BODY = YES;
				CLANG_WARN_ENUM_CONVERSION = YES;
				CLANG_WARN_INFINITE_RECURSION = YES;
				CLANG_WARN_INT_CONVERSION = YES;
				CLANG_WARN_NON_LITERAL_NULL_CONVERSION = YES;
				CLANG_WARN_OBJC_IMPLICIT_RETAIN_SELF = YES;
				CLANG_WARN_OBJC_LITERAL_CONVERSION = YES;
				CLANG_WARN_OBJC_ROOT_CLASS = YES_ERROR;
				CLANG_WARN_RANGE_LOOP_ANALYSIS = YES;
				CLANG_WARN_STRICT_PROTOTYPES = YES;
				CLANG_WARN_SUSPICIOUS_MOVE = YES;
				CLANG_WARN_UNGUARDED_AVAILABILITY = YES_AGGRESSIVE;
				CLANG_WARN_UNREACHABLE_CODE = YES;
				CLANG_WARN__DUPLICATE_METHOD_MATCH = YES;
				CODE_SIGN_IDENTITY = "iPhone Developer";
				COPY_PHASE_STRIP = NO;
				DEBUG_INFORMATION_FORMAT = "dwarf-with-dsym";
				ENABLE_NS_ASSERTIONS = NO;
				ENABLE_STRICT_OBJC_MSGSEND = YES;
				GCC_C_LANGUAGE_STANDARD = gnu11;
				GCC_NO_COMMON_BLOCKS = YES;
				GCC_WARN_64_TO_32_BIT_CONVERSION = YES;
				GCC_WARN_ABOUT_RETURN_TYPE = YES_ERROR;
				GCC_WARN_UNDECLARED_SELECTOR = YES;
				GCC_WARN_UNINITIALIZED_AUTOS = YES_AGGRESSIVE;
				GCC_WARN_UNUSED_FUNCTION = YES;
				GCC_WARN_UNUSED_VARIABLE = YES;
				IPHONEOS_DEPLOYMENT_TARGET = 11.3;
				MTL_ENABLE_DEBUG_INFO = NO;
				SDKROOT = iphoneos;
				SWIFT_COMPILATION_MODE = wholemodule;
				SWIFT_OPTIMIZATION_LEVEL = "-O";
				VALIDATE_PRODUCT = YES;
			};
			name = Release;
		};
		22FE6E5D2086DD35002D811F /* Debug */ = {
			isa = XCBuildConfiguration;
			buildSettings = {
				ASSETCATALOG_COMPILER_APPICON_NAME = AppIcon;
				CODE_SIGN_STYLE = Automatic;
				DEVELOPMENT_TEAM = XKFCJ2D2M6;
				INFOPLIST_FILE = "Stefanini-desafio-app/Info.plist";
				LD_RUNPATH_SEARCH_PATHS = (
					"$(inherited)",
					"@executable_path/Frameworks",
				);
				PRODUCT_BUNDLE_IDENTIFIER = "gabrielcarvalho.Stefanini-desafio-app";
				PRODUCT_NAME = "$(TARGET_NAME)";
				SWIFT_VERSION = 4.0;
				TARGETED_DEVICE_FAMILY = "1,2";
			};
			name = Debug;
		};
		22FE6E5E2086DD35002D811F /* Release */ = {
			isa = XCBuildConfiguration;
			buildSettings = {
				ASSETCATALOG_COMPILER_APPICON_NAME = AppIcon;
				CODE_SIGN_STYLE = Automatic;
				DEVELOPMENT_TEAM = XKFCJ2D2M6;
				INFOPLIST_FILE = "Stefanini-desafio-app/Info.plist";
				LD_RUNPATH_SEARCH_PATHS = (
					"$(inherited)",
					"@executable_path/Frameworks",
				);
				PRODUCT_BUNDLE_IDENTIFIER = "gabrielcarvalho.Stefanini-desafio-app";
				PRODUCT_NAME = "$(TARGET_NAME)";
				SWIFT_VERSION = 4.0;
				TARGETED_DEVICE_FAMILY = "1,2";
			};
			name = Release;
		};
		22FE6E602086DD35002D811F /* Debug */ = {
			isa = XCBuildConfiguration;
			buildSettings = {
				ALWAYS_EMBED_SWIFT_STANDARD_LIBRARIES = YES;
				BUNDLE_LOADER = "$(TEST_HOST)";
				CODE_SIGN_STYLE = Automatic;
				DEVELOPMENT_TEAM = XKFCJ2D2M6;
				INFOPLIST_FILE = "Stefanini-desafio-appTests/Info.plist";
				LD_RUNPATH_SEARCH_PATHS = (
					"$(inherited)",
					"@executable_path/Frameworks",
					"@loader_path/Frameworks",
				);
				PRODUCT_BUNDLE_IDENTIFIER = "gabrielcarvalho.Stefanini-desafio-appTests";
				PRODUCT_NAME = "$(TARGET_NAME)";
				SWIFT_VERSION = 4.0;
				TARGETED_DEVICE_FAMILY = "1,2";
				TEST_HOST = "$(BUILT_PRODUCTS_DIR)/Stefanini-desafio-app.app/Stefanini-desafio-app";
			};
			name = Debug;
		};
		22FE6E612086DD35002D811F /* Release */ = {
			isa = XCBuildConfiguration;
			buildSettings = {
				ALWAYS_EMBED_SWIFT_STANDARD_LIBRARIES = YES;
				BUNDLE_LOADER = "$(TEST_HOST)";
				CODE_SIGN_STYLE = Automatic;
				DEVELOPMENT_TEAM = XKFCJ2D2M6;
				INFOPLIST_FILE = "Stefanini-desafio-appTests/Info.plist";
				LD_RUNPATH_SEARCH_PATHS = (
					"$(inherited)",
					"@executable_path/Frameworks",
					"@loader_path/Frameworks",
				);
				PRODUCT_BUNDLE_IDENTIFIER = "gabrielcarvalho.Stefanini-desafio-appTests";
				PRODUCT_NAME = "$(TARGET_NAME)";
				SWIFT_VERSION = 4.0;
				TARGETED_DEVICE_FAMILY = "1,2";
				TEST_HOST = "$(BUILT_PRODUCTS_DIR)/Stefanini-desafio-app.app/Stefanini-desafio-app";
			};
			name = Release;
		};
		22FE6E632086DD35002D811F /* Debug */ = {
			isa = XCBuildConfiguration;
			buildSettings = {
				ALWAYS_EMBED_SWIFT_STANDARD_LIBRARIES = YES;
				CODE_SIGN_STYLE = Automatic;
				DEVELOPMENT_TEAM = XKFCJ2D2M6;
				INFOPLIST_FILE = "Stefanini-desafio-appUITests/Info.plist";
				LD_RUNPATH_SEARCH_PATHS = (
					"$(inherited)",
					"@executable_path/Frameworks",
					"@loader_path/Frameworks",
				);
				PRODUCT_BUNDLE_IDENTIFIER = "gabrielcarvalho.Stefanini-desafio-appUITests";
				PRODUCT_NAME = "$(TARGET_NAME)";
				SWIFT_VERSION = 4.0;
				TARGETED_DEVICE_FAMILY = "1,2";
				TEST_TARGET_NAME = "Stefanini-desafio-app";
			};
			name = Debug;
		};
		22FE6E642086DD35002D811F /* Release */ = {
			isa = XCBuildConfiguration;
			buildSettings = {
				ALWAYS_EMBED_SWIFT_STANDARD_LIBRARIES = YES;
				CODE_SIGN_STYLE = Automatic;
				DEVELOPMENT_TEAM = XKFCJ2D2M6;
				INFOPLIST_FILE = "Stefanini-desafio-appUITests/Info.plist";
				LD_RUNPATH_SEARCH_PATHS = (
					"$(inherited)",
					"@executable_path/Frameworks",
					"@loader_path/Frameworks",
				);
				PRODUCT_BUNDLE_IDENTIFIER = "gabrielcarvalho.Stefanini-desafio-appUITests";
				PRODUCT_NAME = "$(TARGET_NAME)";
				SWIFT_VERSION = 4.0;
				TARGETED_DEVICE_FAMILY = "1,2";
				TEST_TARGET_NAME = "Stefanini-desafio-app";
			};
			name = Release;
		};
/* End XCBuildConfiguration section */

/* Begin XCConfigurationList section */
		22FE6E2C2086DD32002D811F /* Build configuration list for PBXProject "Stefanini-desafio-app" */ = {
			isa = XCConfigurationList;
			buildConfigurations = (
				22FE6E5A2086DD35002D811F /* Debug */,
				22FE6E5B2086DD35002D811F /* Release */,
			);
			defaultConfigurationIsVisible = 0;
			defaultConfigurationName = Release;
		};
		22FE6E5C2086DD35002D811F /* Build configuration list for PBXNativeTarget "Stefanini-desafio-app" */ = {
			isa = XCConfigurationList;
			buildConfigurations = (
				22FE6E5D2086DD35002D811F /* Debug */,
				22FE6E5E2086DD35002D811F /* Release */,
			);
			defaultConfigurationIsVisible = 0;
			defaultConfigurationName = Release;
		};
		22FE6E5F2086DD35002D811F /* Build configuration list for PBXNativeTarget "Stefanini-desafio-appTests" */ = {
			isa = XCConfigurationList;
			buildConfigurations = (
				22FE6E602086DD35002D811F /* Debug */,
				22FE6E612086DD35002D811F /* Release */,
			);
			defaultConfigurationIsVisible = 0;
			defaultConfigurationName = Release;
		};
		22FE6E622086DD35002D811F /* Build configuration list for PBXNativeTarget "Stefanini-desafio-appUITests" */ = {
			isa = XCConfigurationList;
			buildConfigurations = (
				22FE6E632086DD35002D811F /* Debug */,
				22FE6E642086DD35002D811F /* Release */,
			);
			defaultConfigurationIsVisible = 0;
			defaultConfigurationName = Release;
		};
/* End XCConfigurationList section */

/* Begin XCVersionGroup section */
		22FE6E3B2086DD32002D811F /* Stefanini_desafio_app.xcdatamodeld */ = {
			isa = XCVersionGroup;
			children = (
				22FE6E3C2086DD32002D811F /* Stefanini_desafio_app.xcdatamodel */,
			);
			currentVersion = 22FE6E3C2086DD32002D811F /* Stefanini_desafio_app.xcdatamodel */;
			path = Stefanini_desafio_app.xcdatamodeld;
			sourceTree = "<group>";
			versionGroupType = wrapper.xcdatamodel;
		};
/* End XCVersionGroup section */
	};
	rootObject = 22FE6E292086DD32002D811F /* Project object */;
}
